
Microsoft Visual Studio Solution File, Format Version 12.00
# Visual Studio Version 16
VisualStudioVersion = 16.0.30804.86
MinimumVisualStudioVersion = 10.0.40219.1
Project("{FAE04EC0-301F-11D3-BF4B-00C04F79EFBC}") = "ConsoleApp1", "ConsoleApp1\ConsoleApp1.csproj", "{520825A4-4512-478D-9EEF-2439D01AEE62}"
EndProject
Global
	GlobalSection(SolutionConfigurationPlatforms) = preSolution
		Debug|Any CPU = Debug|Any CPU
		Release|Any CPU = Release|Any CPU
	EndGlobalSection
	GlobalSection(ProjectConfigurationPlatforms) = postSolution
		{520825A4-4512-478D-9EEF-2439D01AEE62}.Debug|Any CPU.ActiveCfg = Debug|Any CPU
		{520825A4-4512-478D-9EEF-2439D01AEE62}.Debug|Any CPU.Build.0 = Debug|Any CPU
		{520825A4-4512-478D-9EEF-2439D01AEE62}.Release|Any CPU.ActiveCfg = Release|Any CPU
		{520825A4-4512-478D-9EEF-2439D01AEE62}.Release|Any CPU.Build.0 = Release|Any CPU
	EndGlobalSection
	GlobalSection(SolutionProperties) = preSolution
		HideSolutionNode = FALSE
	EndGlobalSection
	GlobalSection(ExtensibilityGlobals) = postSolution
		SolutionGuid = {74E6FAA3-0282-410E-800B-7B834A6A6720}
	EndGlobalSection
EndGlobal
